Microsoft Visual Studio Solution File, Format Version 12.00
# Visual Studio Version 17
VisualStudioVersion = 17.11.35222.181
MinimumVisualStudioVersion = 16.0.0.0
Project("{9A19103F-16F7-4668-BE54-9A1E7A4F7556}") = "Messenger.Server", "Server\Messenger.Server.csproj", "{2237C281-3464-4554-83FA-A25F3FEF493B}"
EndProject
Project("{9A19103F-16F7-4668-BE54-9A1E7A4F7556}") = "Messenger.Client", "Client\Messenger.Client.csproj", "{54DD09E4-625E-467B-ACC2-4E3ABD578932}"
EndProject
Project("{9A19103F-16F7-4668-BE54-9A1E7A4F7556}") = "Messenger.Shared", "Shared\Messenger.Shared.csproj", "{A386A0F9-FEB7-4C15-92A1-C4E68F74ABE8}"
EndProject
Global
	GlobalSection(SolutionConfigurationPlatforms) = preSolution
		Debug|Any CPU = Debug|Any CPU
		Debug|x64 = Debug|x64
		Debug|x86 = Debug|x86
		Release|Any CPU = Release|Any CPU
		Release|x64 = Release|x64
		Release|x86 = Release|x86
	EndGlobalSection
	GlobalSection(ProjectConfigurationPlatforms) = postSolution
		{2237C281-3464-4554-83FA-A25F3FEF493B}.Debug|Any CPU.ActiveCfg = Debug|Any CPU
		{2237C281-3464-4554-83FA-A25F3FEF493B}.Debug|Any CPU.Build.0 = Debug|Any CPU
		{2237C281-3464-4554-83FA-A25F3FEF493B}.Debug|x64.ActiveCfg = Debug|Any CPU
		{2237C281-3464-4554-83FA-A25F3FEF493B}.Debug|x64.Build.0 = Debug|Any CPU
		{2237C281-3464-4554-83FA-A25F3FEF493B}.Debug|x86.ActiveCfg = Debug|Any CPU
		{2237C281-3464-4554-83FA-A25F3FEF493B}.Debug|x86.Build.0 = Debug|Any CPU
		{2237C281-3464-4554-83FA-A25F3FEF493B}.Release|Any CPU.ActiveCfg = Release|Any CPU
		{2237C281-3464-4554-83FA-A25F3FEF493B}.Release|Any CPU.Build.0 = Release|Any CPU
		{2237C281-3464-4554-83FA-A25F3FEF493B}.Release|x64.ActiveCfg = Release|Any CPU
		{2237C281-3464-4554-83FA-A25F3FEF493B}.Release|x64.Build.0 = Release|Any CPU
		{2237C281-3464-4554-83FA-A25F3FEF493B}.Release|x86.ActiveCfg = Release|Any CPU
		{2237C281-3464-4554-83FA-A25F3FEF493B}.Release|x86.Build.0 = Release|Any CPU
		{54DD09E4-625E-467B-ACC2-4E3ABD578932}.Debug|Any CPU.ActiveCfg = Debug|Any CPU
		{54DD09E4-625E-467B-ACC2-4E3ABD578932}.Debug|Any CPU.Build.0 = Debug|Any CPU
		{54DD09E4-625E-467B-ACC2-4E3ABD578932}.Debug|x64.ActiveCfg = Debug|Any CPU
		{54DD09E4-625E-467B-ACC2-4E3ABD578932}.Debug|x64.Build.0 = Debug|Any CPU
		{54DD09E4-625E-467B-ACC2-4E3ABD578932}.Debug|x86.ActiveCfg = Debug|Any CPU
		{54DD09E4-625E-467B-ACC2-4E3ABD578932}.Debug|x86.Build.0 = Debug|Any CPU
		{54DD09E4-625E-467B-ACC2-4E3ABD578932}.Release|Any CPU.ActiveCfg = Release|Any CPU
		{54DD09E4-625E-467B-ACC2-4E3ABD578932}.Release|Any CPU.Build.0 = Release|Any CPU
		{54DD09E4-625E-467B-ACC2-4E3ABD578932}.Release|x64.ActiveCfg = Release|Any CPU
		{54DD09E4-625E-467B-ACC2-4E3ABD578932}.Release|x64.Build.0 = Release|Any CPU
		{54DD09E4-625E-467B-ACC2-4E3ABD578932}.Release|x86.ActiveCfg = Release|Any CPU
		{54DD09E4-625E-467B-ACC2-4E3ABD578932}.Release|x86.Build.0 = Release|Any CPU
		{A386A0F9-FEB7-4C15-92A1-C4E68F74ABE8}.Debug|Any CPU.ActiveCfg = Debug|Any CPU
		{A386A0F9-FEB7-4C15-92A1-C4E68F74ABE8}.Debug|Any CPU.Build.0 = Debug|Any CPU
		{A386A0F9-FEB7-4C15-92A1-C4E68F74ABE8}.Debug|x64.ActiveCfg = Debug|Any CPU
		{A386A0F9-FEB7-4C15-92A1-C4E68F74ABE8}.Debug|x64.Build.0 = Debug|Any CPU
		{A386A0F9-FEB7-4C15-92A1-C4E68F74ABE8}.Debug|x86.ActiveCfg = Debug|Any CPU
		{A386A0F9-FEB7-4C15-92A1-C4E68F74ABE8}.Debug|x86.Build.0 = Debug|Any CPU
		{A386A0F9-FEB7-4C15-92A1-C4E68F74ABE8}.Release|Any CPU.ActiveCfg = Release|Any CPU
		{A386A0F9-FEB7-4C15-92A1-C4E68F74ABE8}.Release|Any CPU.Build.0 = Release|Any CPU
		{A386A0F9-FEB7-4C15-92A1-C4E68F74ABE8}.Release|x64.ActiveCfg = Release|Any CPU
		{A386A0F9-FEB7-4C15-92A1-C4E68F74ABE8}.Release|x64.Build.0 = Release|Any CPU
		{A386A0F9-FEB7-4C15-92A1-C4E68F74ABE8}.Release|x86.ActiveCfg = Release|Any CPU
		{A386A0F9-FEB7-4C15-92A1-C4E68F74ABE8}.Release|x86.Build.0 = Release|Any CPU
	EndGlobalSection
	GlobalSection(SolutionProperties) = preSolution
		HideSolutionNode = FALSE
	EndGlobalSection
	GlobalSection(ExtensibilityGlobals) = postSolution
		SolutionGuid = {689D8808-B716-435C-9F96-0BC418322CB6}
	EndGlobalSection
EndGlobal
